
Microsoft Visual Studio Solution File, Format Version 12.00
# Visual Studio Version 17
VisualStudioVersion = 17.14.36401.2
MinimumVisualStudioVersion = 10.0.40219.1
Project("{54A90642-561A-4BB1-A94E-469ADEE60C69}") = "starwarsapp.client", "starwarsapp.client\starwarsapp.client.esproj", "{8281F9CA-EBA2-83AC-EE14-D745CA3BB9C1}"
EndProject
Project("{FAE04EC0-301F-11D3-BF4B-00C04F79EFBC}") = "StarWarsApp.Server", "StarWarsApp.Server\StarWarsApp.Server.csproj", "{59018575-757F-4DEA-8BC2-EB26E8FCE28C}"
EndProject
Project("{FAE04EC0-301F-11D3-BF4B-00C04F79EFBC}") = "StarWarsData", "..\..\StarWarsApp\StarWarsData\StarWarsData.csproj", "{642CBDB1-4969-9F46-CD48-83ADC157677A}"
EndProject
Project("{FAE04EC0-301F-11D3-BF4B-00C04F79EFBC}") = "TestProject1", "..\..\StarWarsApp\TestProject1\TestProject1.csproj", "{1C71A25C-472E-56DE-91EE-E74BE59F04B4}"
EndProject
Global
	GlobalSection(SolutionConfigurationPlatforms) = preSolution
		Debug|Any CPU = Debug|Any CPU
		Release|Any CPU = Release|Any CPU
	EndGlobalSection
	GlobalSection(ProjectConfigurationPlatforms) = postSolution
		{8281F9CA-EBA2-83AC-EE14-D745CA3BB9C1}.Debug|Any CPU.ActiveCfg = Debug|Any CPU
		{8281F9CA-EBA2-83AC-EE14-D745CA3BB9C1}.Debug|Any CPU.Build.0 = Debug|Any CPU
		{8281F9CA-EBA2-83AC-EE14-D745CA3BB9C1}.Debug|Any CPU.Deploy.0 = Debug|Any CPU
		{8281F9CA-EBA2-83AC-EE14-D745CA3BB9C1}.Release|Any CPU.ActiveCfg = Release|Any CPU
		{8281F9CA-EBA2-83AC-EE14-D745CA3BB9C1}.Release|Any CPU.Build.0 = Release|Any CPU
		{8281F9CA-EBA2-83AC-EE14-D745CA3BB9C1}.Release|Any CPU.Deploy.0 = Release|Any CPU
		{59018575-757F-4DEA-8BC2-EB26E8FCE28C}.Debug|Any CPU.ActiveCfg = Debug|Any CPU
		{59018575-757F-4DEA-8BC2-EB26E8FCE28C}.Debug|Any CPU.Build.0 = Debug|Any CPU
		{59018575-757F-4DEA-8BC2-EB26E8FCE28C}.Release|Any CPU.ActiveCfg = Release|Any CPU
		{59018575-757F-4DEA-8BC2-EB26E8FCE28C}.Release|Any CPU.Build.0 = Release|Any CPU
		{642CBDB1-4969-9F46-CD48-83ADC157677A}.Debug|Any CPU.ActiveCfg = Debug|Any CPU
		{642CBDB1-4969-9F46-CD48-83ADC157677A}.Debug|Any CPU.Build.0 = Debug|Any CPU
		{642CBDB1-4969-9F46-CD48-83ADC157677A}.Release|Any CPU.ActiveCfg = Release|Any CPU
		{642CBDB1-4969-9F46-CD48-83ADC157677A}.Release|Any CPU.Build.0 = Release|Any CPU
		{1C71A25C-472E-56DE-91EE-E74BE59F04B4}.Debug|Any CPU.ActiveCfg = Debug|Any CPU
		{1C71A25C-472E-56DE-91EE-E74BE59F04B4}.Debug|Any CPU.Build.0 = Debug|Any CPU
		{1C71A25C-472E-56DE-91EE-E74BE59F04B4}.Release|Any CPU.ActiveCfg = Release|Any CPU
		{1C71A25C-472E-56DE-91EE-E74BE59F04B4}.Release|Any CPU.Build.0 = Release|Any CPU
	EndGlobalSection
	GlobalSection(SolutionProperties) = preSolution
		HideSolutionNode = FALSE
	EndGlobalSection
	GlobalSection(ExtensibilityGlobals) = postSolution
		SolutionGuid = {4722A0B0-9366-4129-BE30-A458F443F9E0}
	EndGlobalSection
EndGlobal
